
Microsoft Visual Studio Solution File, Format Version 11.00
# Visual Studio 2010
Project("{FAE04EC0-301F-11D3-BF4B-00C04F79EFBC}") = "UnityEngine.TestRunner", "UnityEngine.TestRunner.csproj", "{2516fe26-71e7-6eb6-5dcc-0af6942abcbe}"
EndProject
Project("{FAE04EC0-301F-11D3-BF4B-00C04F79EFBC}") = "Unity.Mathematics", "Unity.Mathematics.csproj", "{eaf86ff5-9028-5973-d531-14210d794c38}"
EndProject
Project("{FAE04EC0-301F-11D3-BF4B-00C04F79EFBC}") = "Unity.2D.Animation.Triangle.Runtime", "Unity.2D.Animation.Triangle.Runtime.csproj", "{e5a6cb12-3fec-6b23-4427-3bae1999ade1}"
EndProject
Project("{FAE04EC0-301F-11D3-BF4B-00C04F79EFBC}") = "Unity.Timeline", "Unity.Timeline.csproj", "{a66df501-b0d7-3a61-7b51-d59295fa4d9f}"
EndProject
Project("{FAE04EC0-301F-11D3-BF4B-00C04F79EFBC}") = "UnityEngine.UI", "UnityEngine.UI.csproj", "{d6f37015-118a-f44b-d318-d53d75ae6302}"
EndProject
Project("{FAE04EC0-301F-11D3-BF4B-00C04F79EFBC}") = "Unity.TextMeshPro", "Unity.TextMeshPro.csproj", "{51e7dedb-5daa-47fb-2aa2-320c81fbc32c}"
EndProject
Project("{FAE04EC0-301F-11D3-BF4B-00C04F79EFBC}") = "Unity.2D.Animation.Runtime", "Unity.2D.Animation.Runtime.csproj", "{b38a4377-72b0-0819-0224-36ab84a0a643}"
EndProject
Project("{FAE04EC0-301F-11D3-BF4B-00C04F79EFBC}") = "Unity.2D.IK.Runtime", "Unity.2D.IK.Runtime.csproj", "{35c98e9e-c29a-6346-bece-2b2252f2fc11}"
EndProject
Project("{FAE04EC0-301F-11D3-BF4B-00C04F79EFBC}") = "Assembly-CSharp", "Assembly-CSharp.csproj", "{b98cac3d-2e9e-7319-58dd-359ccdee3d70}"
EndProject
Project("{FAE04EC0-301F-11D3-BF4B-00C04F79EFBC}") = "Unity.2D.SpriteShape.Runtime", "Unity.2D.SpriteShape.Runtime.csproj", "{aa6e2d23-d32e-d06f-5112-64dab6d53f32}"
EndProject
Project("{FAE04EC0-301F-11D3-BF4B-00C04F79EFBC}") = "Unity.2D.PixelPerfect", "Unity.2D.PixelPerfect.csproj", "{037b09e1-cef2-c64f-49b6-368c899fa29b}"
EndProject
Project("{FAE04EC0-301F-11D3-BF4B-00C04F79EFBC}") = "Unity.2D.Common.Runtime", "Unity.2D.Common.Runtime.csproj", "{1f03b73d-8274-fcdb-97c3-1db76cbce434}"
EndProject
Project("{FAE04EC0-301F-11D3-BF4B-00C04F79EFBC}") = "Unity.InternalAPIEngineBridge.001", "Unity.InternalAPIEngineBridge.001.csproj", "{43c3e8d5-ccb2-13d8-fa0e-d176340825aa}"
EndProject
Project("{FAE04EC0-301F-11D3-BF4B-00C04F79EFBC}") = "UnityEditor.TestRunner", "UnityEditor.TestRunner.csproj", "{cb19d3de-4fd0-ad16-f013-38f254fc9c1e}"
EndProject
Project("{FAE04EC0-301F-11D3-BF4B-00C04F79EFBC}") = "UnityEditor.UI", "UnityEditor.UI.csproj", "{0a09868f-6d53-7181-e714-123880177e6c}"
EndProject
Project("{FAE04EC0-301F-11D3-BF4B-00C04F79EFBC}") = "Unity.Timeline.Editor", "Unity.Timeline.Editor.csproj", "{5392a3db-fc6d-d7e3-a0e6-f362f6901d62}"
EndProject
Project("{FAE04EC0-301F-11D3-BF4B-00C04F79EFBC}") = "Unity.VisualStudio.Editor", "Unity.VisualStudio.Editor.csproj", "{efa250d8-f0a1-6e58-26d5-7a36b4133e54}"
EndProject
Project("{FAE04EC0-301F-11D3-BF4B-00C04F79EFBC}") = "Unity.2D.Psdimporter.Editor", "Unity.2D.Psdimporter.Editor.csproj", "{25bd78aa-0c6a-019c-7e8d-70fdf806d11f}"
EndProject
Project("{FAE04EC0-301F-11D3-BF4B-00C04F79EFBC}") = "Unity.2D.Animation.Editor", "Unity.2D.Animation.Editor.csproj", "{89885611-2673-a381-1852-0d7868ad5324}"
EndProject
Project("{FAE04EC0-301F-11D3-BF4B-00C04F79EFBC}") = "Unity.TextMeshPro.Editor", "Unity.TextMeshPro.Editor.csproj", "{ea39b82e-a644-1deb-998b-d3c17a0c07a8}"
EndProject
Project("{FAE04EC0-301F-11D3-BF4B-00C04F79EFBC}") = "Unity.2D.SpriteShape.Editor", "Unity.2D.SpriteShape.Editor.csproj", "{0901d70c-4032-a3ea-2285-00e0972a9294}"
EndProject
Project("{FAE04EC0-301F-11D3-BF4B-00C04F79EFBC}") = "Unity.CollabProxy.Editor", "Unity.CollabProxy.Editor.csproj", "{3b6b00a1-8801-2d91-6a5c-5d1cbd22521e}"
EndProject
Project("{FAE04EC0-301F-11D3-BF4B-00C04F79EFBC}") = "PsdPlugin", "PsdPlugin.csproj", "{f01e0c9e-358c-7822-0dfe-dcd38962caa9}"
EndProject
Project("{FAE04EC0-301F-11D3-BF4B-00C04F79EFBC}") = "Unity.2D.Path.Editor", "Unity.2D.Path.Editor.csproj", "{6f403cb4-3119-2d0e-e60d-3924608337fa}"
EndProject
Project("{FAE04EC0-301F-11D3-BF4B-00C04F79EFBC}") = "Unity.Rider.Editor", "Unity.Rider.Editor.csproj", "{fa618136-a82b-ade5-17bc-9630dffebbf8}"
EndProject
Project("{FAE04EC0-301F-11D3-BF4B-00C04F79EFBC}") = "Unity.2D.IK.Editor", "Unity.2D.IK.Editor.csproj", "{407ee4ad-a43c-d153-563f-54027cf0c3f5}"
EndProject
Project("{FAE04EC0-301F-11D3-BF4B-00C04F79EFBC}") = "Unity.2D.Sprite.Editor", "Unity.2D.Sprite.Editor.csproj", "{679c8429-a69a-0b0c-3a8e-0b70044afecc}"
EndProject
Project("{FAE04EC0-301F-11D3-BF4B-00C04F79EFBC}") = "Unity.2D.Tilemap.Editor", "Unity.2D.Tilemap.Editor.csproj", "{3adde665-abcf-93c8-8668-f4fad5e54f5c}"
EndProject
Project("{FAE04EC0-301F-11D3-BF4B-00C04F79EFBC}") = "Unity.2D.PixelPerfect.Editor", "Unity.2D.PixelPerfect.Editor.csproj", "{7f9981d2-b607-cabc-c9e8-e048c13bda61}"
EndProject
Project("{FAE04EC0-301F-11D3-BF4B-00C04F79EFBC}") = "Unity.VSCode.Editor", "Unity.VSCode.Editor.csproj", "{43f2df7b-7321-a081-cab1-c49aa3084bc8}"
EndProject
Project("{FAE04EC0-301F-11D3-BF4B-00C04F79EFBC}") = "Unity.2D.Common.Editor", "Unity.2D.Common.Editor.csproj", "{2fb37f41-ff4f-238c-8703-10c511b0446f}"
EndProject
Project("{FAE04EC0-301F-11D3-BF4B-00C04F79EFBC}") = "Unity.Mathematics.Editor", "Unity.Mathematics.Editor.csproj", "{564f4c19-339c-9732-5474-fb98c435a44a}"
EndProject
Project("{FAE04EC0-301F-11D3-BF4B-00C04F79EFBC}") = "Unity.InternalAPIEditorBridge.001", "Unity.InternalAPIEditorBridge.001.csproj", "{d71c3745-fec6-849b-5776-471b235ee2af}"
EndProject
Global
	GlobalSection(SolutionConfigurationPlatforms) = preSolution
		Debug|Any CPU = Debug|Any CPU
	EndGlobalSection
	GlobalSection(ProjectConfigurationPlatforms) = postSolution
		{2516fe26-71e7-6eb6-5dcc-0af6942abcbe}.Debug|Any CPU.ActiveCfg = Debug|Any CPU
		{2516fe26-71e7-6eb6-5dcc-0af6942abcbe}.Debug|Any CPU.Build.0 = Debug|Any CPU
		{eaf86ff5-9028-5973-d531-14210d794c38}.Debug|Any CPU.ActiveCfg = Debug|Any CPU
		{eaf86ff5-9028-5973-d531-14210d794c38}.Debug|Any CPU.Build.0 = Debug|Any CPU
		{e5a6cb12-3fec-6b23-4427-3bae1999ade1}.Debug|Any CPU.ActiveCfg = Debug|Any CPU
		{e5a6cb12-3fec-6b23-4427-3bae1999ade1}.Debug|Any CPU.Build.0 = Debug|Any CPU
		{a66df501-b0d7-3a61-7b51-d59295fa4d9f}.Debug|Any CPU.ActiveCfg = Debug|Any CPU
		{a66df501-b0d7-3a61-7b51-d59295fa4d9f}.Debug|Any CPU.Build.0 = Debug|Any CPU
		{d6f37015-118a-f44b-d318-d53d75ae6302}.Debug|Any CPU.ActiveCfg = Debug|Any CPU
		{d6f37015-118a-f44b-d318-d53d75ae6302}.Debug|Any CPU.Build.0 = Debug|Any CPU
		{51e7dedb-5daa-47fb-2aa2-320c81fbc32c}.Debug|Any CPU.ActiveCfg = Debug|Any CPU
		{51e7dedb-5daa-47fb-2aa2-320c81fbc32c}.Debug|Any CPU.Build.0 = Debug|Any CPU
		{b38a4377-72b0-0819-0224-36ab84a0a643}.Debug|Any CPU.ActiveCfg = Debug|Any CPU
		{b38a4377-72b0-0819-0224-36ab84a0a643}.Debug|Any CPU.Build.0 = Debug|Any CPU
		{35c98e9e-c29a-6346-bece-2b2252f2fc11}.Debug|Any CPU.ActiveCfg = Debug|Any CPU
		{35c98e9e-c29a-6346-bece-2b2252f2fc11}.Debug|Any CPU.Build.0 = Debug|Any CPU
		{b98cac3d-2e9e-7319-58dd-359ccdee3d70}.Debug|Any CPU.ActiveCfg = Debug|Any CPU
		{b98cac3d-2e9e-7319-58dd-359ccdee3d70}.Debug|Any CPU.Build.0 = Debug|Any CPU
		{aa6e2d23-d32e-d06f-5112-64dab6d53f32}.Debug|Any CPU.ActiveCfg = Debug|Any CPU
		{aa6e2d23-d32e-d06f-5112-64dab6d53f32}.Debug|Any CPU.Build.0 = Debug|Any CPU
		{037b09e1-cef2-c64f-49b6-368c899fa29b}.Debug|Any CPU.ActiveCfg = Debug|Any CPU
		{037b09e1-cef2-c64f-49b6-368c899fa29b}.Debug|Any CPU.Build.0 = Debug|Any CPU
		{1f03b73d-8274-fcdb-97c3-1db76cbce434}.Debug|Any CPU.ActiveCfg = Debug|Any CPU
		{1f03b73d-8274-fcdb-97c3-1db76cbce434}.Debug|Any CPU.Build.0 = Debug|Any CPU
		{43c3e8d5-ccb2-13d8-fa0e-d176340825aa}.Debug|Any CPU.ActiveCfg = Debug|Any CPU
		{43c3e8d5-ccb2-13d8-fa0e-d176340825aa}.Debug|Any CPU.Build.0 = Debug|Any CPU
		{cb19d3de-4fd0-ad16-f013-38f254fc9c1e}.Debug|Any CPU.ActiveCfg = Debug|Any CPU
		{cb19d3de-4fd0-ad16-f013-38f254fc9c1e}.Debug|Any CPU.Build.0 = Debug|Any CPU
		{0a09868f-6d53-7181-e714-123880177e6c}.Debug|Any CPU.ActiveCfg = Debug|Any CPU
		{0a09868f-6d53-7181-e714-123880177e6c}.Debug|Any CPU.Build.0 = Debug|Any CPU
		{5392a3db-fc6d-d7e3-a0e6-f362f6901d62}.Debug|Any CPU.ActiveCfg = Debug|Any CPU
		{5392a3db-fc6d-d7e3-a0e6-f362f6901d62}.Debug|Any CPU.Build.0 = Debug|Any CPU
		{efa250d8-f0a1-6e58-26d5-7a36b4133e54}.Debug|Any CPU.ActiveCfg = Debug|Any CPU
		{efa250d8-f0a1-6e58-26d5-7a36b4133e54}.Debug|Any CPU.Build.0 = Debug|Any CPU
		{25bd78aa-0c6a-019c-7e8d-70fdf806d11f}.Debug|Any CPU.ActiveCfg = Debug|Any CPU
		{25bd78aa-0c6a-019c-7e8d-70fdf806d11f}.Debug|Any CPU.Build.0 = Debug|Any CPU
		{89885611-2673-a381-1852-0d7868ad5324}.Debug|Any CPU.ActiveCfg = Debug|Any CPU
		{89885611-2673-a381-1852-0d7868ad5324}.Debug|Any CPU.Build.0 = Debug|Any CPU
		{ea39b82e-a644-1deb-998b-d3c17a0c07a8}.Debug|Any CPU.ActiveCfg = Debug|Any CPU
		{ea39b82e-a644-1deb-998b-d3c17a0c07a8}.Debug|Any CPU.Build.0 = Debug|Any CPU
		{0901d70c-4032-a3ea-2285-00e0972a9294}.Debug|Any CPU.ActiveCfg = Debug|Any CPU
		{0901d70c-4032-a3ea-2285-00e0972a9294}.Debug|Any CPU.Build.0 = Debug|Any CPU
		{3b6b00a1-8801-2d91-6a5c-5d1cbd22521e}.Debug|Any CPU.ActiveCfg = Debug|Any CPU
		{3b6b00a1-8801-2d91-6a5c-5d1cbd22521e}.Debug|Any CPU.Build.0 = Debug|Any CPU
		{f01e0c9e-358c-7822-0dfe-dcd38962caa9}.Debug|Any CPU.ActiveCfg = Debug|Any CPU
		{f01e0c9e-358c-7822-0dfe-dcd38962caa9}.Debug|Any CPU.Build.0 = Debug|Any CPU
		{6f403cb4-3119-2d0e-e60d-3924608337fa}.Debug|Any CPU.ActiveCfg = Debug|Any CPU
		{6f403cb4-3119-2d0e-e60d-3924608337fa}.Debug|Any CPU.Build.0 = Debug|Any CPU
		{fa618136-a82b-ade5-17bc-9630dffebbf8}.Debug|Any CPU.ActiveCfg = Debug|Any CPU
		{fa618136-a82b-ade5-17bc-9630dffebbf8}.Debug|Any CPU.Build.0 = Debug|Any CPU
		{407ee4ad-a43c-d153-563f-54027cf0c3f5}.Debug|Any CPU.ActiveCfg = Debug|Any CPU
		{407ee4ad-a43c-d153-563f-54027cf0c3f5}.Debug|Any CPU.Build.0 = Debug|Any CPU
		{679c8429-a69a-0b0c-3a8e-0b70044afecc}.Debug|Any CPU.ActiveCfg = Debug|Any CPU
		{679c8429-a69a-0b0c-3a8e-0b70044afecc}.Debug|Any CPU.Build.0 = Debug|Any CPU
		{3adde665-abcf-93c8-8668-f4fad5e54f5c}.Debug|Any CPU.ActiveCfg = Debug|Any CPU
		{3adde665-abcf-93c8-8668-f4fad5e54f5c}.Debug|Any CPU.Build.0 = Debug|Any CPU
		{7f9981d2-b607-cabc-c9e8-e048c13bda61}.Debug|Any CPU.ActiveCfg = Debug|Any CPU
		{7f9981d2-b607-cabc-c9e8-e048c13bda61}.Debug|Any CPU.Build.0 = Debug|Any CPU
		{43f2df7b-7321-a081-cab1-c49aa3084bc8}.Debug|Any CPU.ActiveCfg = Debug|Any CPU
		{43f2df7b-7321-a081-cab1-c49aa3084bc8}.Debug|Any CPU.Build.0 = Debug|Any CPU
		{2fb37f41-ff4f-238c-8703-10c511b0446f}.Debug|Any CPU.ActiveCfg = Debug|Any CPU
		{2fb37f41-ff4f-238c-8703-10c511b0446f}.Debug|Any CPU.Build.0 = Debug|Any CPU
		{564f4c19-339c-9732-5474-fb98c435a44a}.Debug|Any CPU.ActiveCfg = Debug|Any CPU
		{564f4c19-339c-9732-5474-fb98c435a44a}.Debug|Any CPU.Build.0 = Debug|Any CPU
		{d71c3745-fec6-849b-5776-471b235ee2af}.Debug|Any CPU.ActiveCfg = Debug|Any CPU
		{d71c3745-fec6-849b-5776-471b235ee2af}.Debug|Any CPU.Build.0 = Debug|Any CPU
	EndGlobalSection
	GlobalSection(SolutionProperties) = preSolution
		HideSolutionNode = FALSE
	EndGlobalSection
EndGlobal
